
Microsoft Visual Studio Solution File, Format Version 12.00
# Visual Studio 2012
Project("{FAE04EC0-301F-11D3-BF4B-00C04F79EFBC}") = "001_Mock", "001_Mock\001_Mock.csproj", "{B240D2FD-B95D-42D5-BB8C-D760A0394D56}"
EndProject
Project("{FAE04EC0-301F-11D3-BF4B-00C04F79EFBC}") = "002_Mock", "IEmailService\002_Mock.csproj", "{CB26419A-94E4-4499-84FB-2A67BA5252B0}"
EndProject
Project("{FAE04EC0-301F-11D3-BF4B-00C04F79EFBC}") = "003_Mock", "003_Mock\003_Mock.csproj", "{3BBCF220-BBD0-480D-87B2-88473837359B}"
EndProject
Global
	GlobalSection(SolutionConfigurationPlatforms) = preSolution
		Debug|Any CPU = Debug|Any CPU
		Release|Any CPU = Release|Any CPU
	EndGlobalSection
	GlobalSection(ProjectConfigurationPlatforms) = postSolution
		{B240D2FD-B95D-42D5-BB8C-D760A0394D56}.Debug|Any CPU.ActiveCfg = Debug|Any CPU
		{B240D2FD-B95D-42D5-BB8C-D760A0394D56}.Debug|Any CPU.Build.0 = Debug|Any CPU
		{B240D2FD-B95D-42D5-BB8C-D760A0394D56}.Release|Any CPU.ActiveCfg = Release|Any CPU
		{B240D2FD-B95D-42D5-BB8C-D760A0394D56}.Release|Any CPU.Build.0 = Release|Any CPU
		{CB26419A-94E4-4499-84FB-2A67BA5252B0}.Debug|Any CPU.ActiveCfg = Debug|Any CPU
		{CB26419A-94E4-4499-84FB-2A67BA5252B0}.Debug|Any CPU.Build.0 = Debug|Any CPU
		{CB26419A-94E4-4499-84FB-2A67BA5252B0}.Release|Any CPU.ActiveCfg = Release|Any CPU
		{CB26419A-94E4-4499-84FB-2A67BA5252B0}.Release|Any CPU.Build.0 = Release|Any CPU
		{3BBCF220-BBD0-480D-87B2-88473837359B}.Debug|Any CPU.ActiveCfg = Debug|Any CPU
		{3BBCF220-BBD0-480D-87B2-88473837359B}.Debug|Any CPU.Build.0 = Debug|Any CPU
		{3BBCF220-BBD0-480D-87B2-88473837359B}.Release|Any CPU.ActiveCfg = Release|Any CPU
		{3BBCF220-BBD0-480D-87B2-88473837359B}.Release|Any CPU.Build.0 = Release|Any CPU
	EndGlobalSection
	GlobalSection(SolutionProperties) = preSolution
		HideSolutionNode = FALSE
	EndGlobalSection
EndGlobal
